
Microsoft Visual Studio Solution File, Format Version 12.00
# Visual Studio Version 17
VisualStudioVersion = 17.9.34701.34
MinimumVisualStudioVersion = 10.0.40219.1
Project("{FAE04EC0-301F-11D3-BF4B-00C04F79EFBC}") = "ToDoList", "ToDoList.csproj", "{B2BC52D4-CCBC-462A-AEAA-95D00DE2CBCD}"
EndProject
Global
	GlobalSection(SolutionConfigurationPlatforms) = preSolution
		Debug|Any CPU = Debug|Any CPU
		Release|Any CPU = Release|Any CPU
	EndGlobalSection
	GlobalSection(ProjectConfigurationPlatforms) = postSolution
		{B2BC52D4-CCBC-462A-AEAA-95D00DE2CBCD}.Debug|Any CPU.ActiveCfg = Debug|Any CPU
		{B2BC52D4-CCBC-462A-AEAA-95D00DE2CBCD}.Debug|Any CPU.Build.0 = Debug|Any CPU
		{B2BC52D4-CCBC-462A-AEAA-95D00DE2CBCD}.Release|Any CPU.ActiveCfg = Release|Any CPU
		{B2BC52D4-CCBC-462A-AEAA-95D00DE2CBCD}.Release|Any CPU.Build.0 = Release|Any CPU
	EndGlobalSection
	GlobalSection(SolutionProperties) = preSolution
		HideSolutionNode = FALSE
	EndGlobalSection
	GlobalSection(ExtensibilityGlobals) = postSolution
		SolutionGuid = {6D9196D4-9DE7-4655-A901-0001FCEB0DCB}
	EndGlobalSection
EndGlobal
